# THIS IS AN AUTOGENERATED FILE. DO NOT EDIT THIS FILE DIRECTLY.
# yarn lockfile v1


ansidiff@^1.0.0:
  version "1.0.0"
  resolved "https://registry.yarnpkg.com/ansidiff/-/ansidiff-1.0.0.tgz#d4a3ed89ab1670f20c097def759f34d944478aab"
  integrity sha512-dCVfMJDZJkSA0O85CN+lkhcjFC1cekKWWEr2tZgNBnIgMKymE5iBw8jhVPvPZfO6v+kooJ6l4yWJs9WCi/pM9g==
  dependencies:
    diff "1.0"

colors@^1.4.0:
  version "1.4.0"
  resolved "https://registry.yarnpkg.com/colors/-/colors-1.4.0.tgz#c50491479d4c1bdaed2c9ced32cf7c7dc2360f78"
  integrity sha512-a+UqTh4kgZg/SlGvfbzDHpgRu7AAQOmmqRHJnxhRZICKFUT91brVhNNt58CMWU9PsBbv3PDCZUHbVxuDiH2mtA==

diff@1.0:
  version "1.0.8"
  resolved "https://registry.yarnpkg.com/diff/-/diff-1.0.8.tgz#343276308ec991b7bc82267ed55bc1411f971666"
  integrity sha512-1zEb73vemXFpUmfh3fsta4YHz3lwebxXvaWmPbFv9apujQBWDnkrPDLXLQs1gZo4RCWMDsT89r0Pf/z8/02TGA==

diff@^5.1.0:
  version "5.1.0"
  resolved "https://registry.yarnpkg.com/diff/-/diff-5.1.0.tgz#bc52d298c5ea8df9194800224445ed43ffc87e40"
  integrity sha512-D+mk+qE8VC/PAUrlAU34N+VfXev0ghe5ywmpqrawphmVZc1bEfn56uo9qpyGp1p4xpzOHkSW4ztBd6L7Xx4ACw==
